// !$*UTF8*$!
{
	archiveVersion = 1;
	classes = {
	};
	objectVersion = 46;
	objects = {

/* Begin PBXBuildFile section */
		73957F0A18D98271008BA443 /* CHGTConstants.m in Sources */ = {isa = PBXBuildFile; fileRef = 73957F0918D98271008BA443 /* CHGTConstants.m */; };
		7395813F18D99444008BA443 /* AsyncUdpSocket.m in Sources */ = {isa = PBXBuildFile; fileRef = 7395813E18D99444008BA443 /* AsyncUdpSocket.m */; };
		7395825C18D995D4008BA443 /* .gitignore in Resources */ = {isa = PBXBuildFile; fileRef = 7395814D18D995D3008BA443 /* .gitignore */; };
		7395825D18D995D4008BA443 /* .hgignore in Resources */ = {isa = PBXBuildFile; fileRef = 7395814E18D995D3008BA443 /* .hgignore */; };
		7395825E18D995D4008BA443 /* DDData.m in Sources */ = {isa = PBXBuildFile; fileRef = 7395815218D995D3008BA443 /* DDData.m */; };
		7395825F18D995D4008BA443 /* DDNumber.m in Sources */ = {isa = PBXBuildFile; fileRef = 7395815418D995D3008BA443 /* DDNumber.m */; };
		7395826018D995D4008BA443 /* DDRange.m in Sources */ = {isa = PBXBuildFile; fileRef = 7395815618D995D3008BA443 /* DDRange.m */; };
		7395826118D995D4008BA443 /* HTTPAuthenticationRequest.m in Sources */ = {isa = PBXBuildFile; fileRef = 7395815818D995D3008BA443 /* HTTPAuthenticationRequest.m */; };
		7395826218D995D4008BA443 /* HTTPConnection.m in Sources */ = {isa = PBXBuildFile; fileRef = 7395815A18D995D3008BA443 /* HTTPConnection.m */; };
		7395826318D995D4008BA443 /* HTTPMessage.m in Sources */ = {isa = PBXBuildFile; fileRef = 7395815D18D995D3008BA443 /* HTTPMessage.m */; };
		7395826418D995D4008BA443 /* HTTPServer.m in Sources */ = {isa = PBXBuildFile; fileRef = 7395816018D995D3008BA443 /* HTTPServer.m */; };
		7395826518D995D4008BA443 /* MultipartFormDataParser.m in Sources */ = {isa = PBXBuildFile; fileRef = 7395816318D995D3008BA443 /* MultipartFormDataParser.m */; };
		7395826618D995D4008BA443 /* MultipartMessageHeader.m in Sources */ = {isa = PBXBuildFile; fileRef = 7395816518D995D3008BA443 /* MultipartMessageHeader.m */; };
		7395826718D995D4008BA443 /* MultipartMessageHeaderField.m in Sources */ = {isa = PBXBuildFile; fileRef = 7395816718D995D3008BA443 /* MultipartMessageHeaderField.m */; };
		7395826818D995D4008BA443 /* HTTPAsyncFileResponse.m in Sources */ = {isa = PBXBuildFile; fileRef = 7395816A18D995D3008BA443 /* HTTPAsyncFileResponse.m */; };
		7395826918D995D4008BA443 /* HTTPDataResponse.m in Sources */ = {isa = PBXBuildFile; fileRef = 7395816C18D995D3008BA443 /* HTTPDataResponse.m */; };
		7395826A18D995D4008BA443 /* HTTPDynamicFileResponse.m in Sources */ = {isa = PBXBuildFile; fileRef = 7395816E18D995D3008BA443 /* HTTPDynamicFileResponse.m */; };
		7395826B18D995D4008BA443 /* HTTPErrorResponse.m in Sources */ = {isa = PBXBuildFile; fileRef = 7395817018D995D3008BA443 /* HTTPErrorResponse.m */; };
		7395826C18D995D4008BA443 /* HTTPFileResponse.m in Sources */ = {isa = PBXBuildFile; fileRef = 7395817218D995D3008BA443 /* HTTPFileResponse.m */; };
		7395826D18D995D4008BA443 /* HTTPRedirectResponse.m in Sources */ = {isa = PBXBuildFile; fileRef = 7395817418D995D3008BA443 /* HTTPRedirectResponse.m */; };
		7395826E18D995D4008BA443 /* WebSocket.m in Sources */ = {isa = PBXBuildFile; fileRef = 7395817618D995D3008BA443 /* WebSocket.m */; };
		7395827318D995D4008BA443 /* LICENSE.txt in Resources */ = {isa = PBXBuildFile; fileRef = 7395818118D995D3008BA443 /* LICENSE.txt */; };
		7395827418D995D4008BA443 /* README.markdown in Resources */ = {isa = PBXBuildFile; fileRef = 7395818218D995D3008BA443 /* README.markdown */; };
		739582D018D995D4008BA443 /* About.txt in Resources */ = {isa = PBXBuildFile; fileRef = 7395824718D995D4008BA443 /* About.txt */; };
		739582D118D995D4008BA443 /* GCDAsyncSocket.m in Sources */ = {isa = PBXBuildFile; fileRef = 7395824918D995D4008BA443 /* GCDAsyncSocket.m */; };
		739582D218D995D4008BA443 /* About.txt in Resources */ = {isa = PBXBuildFile; fileRef = 7395824B18D995D4008BA443 /* About.txt */; };
		739582D318D995D4008BA443 /* DDAbstractDatabaseLogger.m in Sources */ = {isa = PBXBuildFile; fileRef = 7395824D18D995D4008BA443 /* DDAbstractDatabaseLogger.m */; };
		739582D418D995D4008BA443 /* DDASLLogger.m in Sources */ = {isa = PBXBuildFile; fileRef = 7395824F18D995D4008BA443 /* DDASLLogger.m */; };
		739582D518D995D4008BA443 /* DDFileLogger.m in Sources */ = {isa = PBXBuildFile; fileRef = 7395825118D995D4008BA443 /* DDFileLogger.m */; };
		739582D618D995D4008BA443 /* DDLog.m in Sources */ = {isa = PBXBuildFile; fileRef = 7395825318D995D4008BA443 /* DDLog.m */; };
		739582D718D995D4008BA443 /* DDTTYLogger.m in Sources */ = {isa = PBXBuildFile; fileRef = 7395825518D995D4008BA443 /* DDTTYLogger.m */; };
		739582D818D995D4008BA443 /* ContextFilterLogFormatter.m in Sources */ = {isa = PBXBuildFile; fileRef = 7395825818D995D4008BA443 /* ContextFilterLogFormatter.m */; };
		739582D918D995D4008BA443 /* DispatchQueueLogFormatter.m in Sources */ = {isa = PBXBuildFile; fileRef = 7395825A18D995D4008BA443 /* DispatchQueueLogFormatter.m */; };
		739582DA18D995D4008BA443 /* README.txt in Resources */ = {isa = PBXBuildFile; fileRef = 7395825B18D995D4008BA443 /* README.txt */; };
		7395830618D9A441008BA443 /* HTTPResponseProxy.m in Sources */ = {isa = PBXBuildFile; fileRef = 739582FB18D9A441008BA443 /* HTTPResponseProxy.m */; };
		7395830718D9A441008BA443 /* Route.m in Sources */ = {isa = PBXBuildFile; fileRef = 739582FD18D9A441008BA443 /* Route.m */; };
		7395830818D9A441008BA443 /* RouteRequest.m in Sources */ = {isa = PBXBuildFile; fileRef = 739582FF18D9A441008BA443 /* RouteRequest.m */; };
		7395830918D9A441008BA443 /* RouteResponse.m in Sources */ = {isa = PBXBuildFile; fileRef = 7395830118D9A441008BA443 /* RouteResponse.m */; };
		7395830A18D9A441008BA443 /* RoutingConnection.m in Sources */ = {isa = PBXBuildFile; fileRef = 7395830318D9A441008BA443 /* RoutingConnection.m */; };
		7395830B18D9A441008BA443 /* RoutingHTTPServer.m in Sources */ = {isa = PBXBuildFile; fileRef = 7395830518D9A441008BA443 /* RoutingHTTPServer.m */; };
		73D1EBC218D5AB5A0009B340 /* Foundation.framework in Frameworks */ = {isa = PBXBuildFile; fileRef = 73D1EBC118D5AB5A0009B340 /* Foundation.framework */; };
		73D1EBC418D5AB5A0009B340 /* CoreGraphics.framework in Frameworks */ = {isa = PBXBuildFile; fileRef = 73D1EBC318D5AB5A0009B340 /* CoreGraphics.framework */; };
		73D1EBC618D5AB5A0009B340 /* UIKit.framework in Frameworks */ = {isa = PBXBuildFile; fileRef = 73D1EBC518D5AB5A0009B340 /* UIKit.framework */; };
		73D1EBCC18D5AB5A0009B340 /* InfoPlist.strings in Resources */ = {isa = PBXBuildFile; fileRef = 73D1EBCA18D5AB5A0009B340 /* InfoPlist.strings */; };
		73D1EBCE18D5AB5A0009B340 /* main.m in Sources */ = {isa = PBXBuildFile; fileRef = 73D1EBCD18D5AB5A0009B340 /* main.m */; };
		73D1EBD218D5AB5A0009B340 /* CHGTAppDelegate.m in Sources */ = {isa = PBXBuildFile; fileRef = 73D1EBD118D5AB5A0009B340 /* CHGTAppDelegate.m */; };
		73D1EBD518D5AB5A0009B340 /* Main_iPhone.storyboard in Resources */ = {isa = PBXBuildFile; fileRef = 73D1EBD318D5AB5A0009B340 /* Main_iPhone.storyboard */; };
		73D1EBD818D5AB5A0009B340 /* Main_iPad.storyboard in Resources */ = {isa = PBXBuildFile; fileRef = 73D1EBD618D5AB5A0009B340 /* Main_iPad.storyboard */; };
		73D1EBDB18D5AB5A0009B340 /* CHGTViewController.m in Sources */ = {isa = PBXBuildFile; fileRef = 73D1EBDA18D5AB5A0009B340 /* CHGTViewController.m */; };
		73D1EBDD18D5AB5A0009B340 /* Images.xcassets in Resources */ = {isa = PBXBuildFile; fileRef = 73D1EBDC18D5AB5A0009B340 /* Images.xcassets */; };
		73D1EBE418D5AB5A0009B340 /* XCTest.framework in Frameworks */ = {isa = PBXBuildFile; fileRef = 73D1EBE318D5AB5A0009B340 /* XCTest.framework */; };
		73D1EBE518D5AB5A0009B340 /* Foundation.framework in Frameworks */ = {isa = PBXBuildFile; fileRef = 73D1EBC118D5AB5A0009B340 /* Foundation.framework */; };
		73D1EBE618D5AB5A0009B340 /* UIKit.framework in Frameworks */ = {isa = PBXBuildFile; fileRef = 73D1EBC518D5AB5A0009B340 /* UIKit.framework */; };
		73D1EBEE18D5AB5A0009B340 /* InfoPlist.strings in Resources */ = {isa = PBXBuildFile; fileRef = 73D1EBEC18D5AB5A0009B340 /* InfoPlist.strings */; };
		73D1EBF018D5AB5A0009B340 /* EduEyeTests.m in Sources */ = {isa = PBXBuildFile; fileRef = 73D1EBEF18D5AB5A0009B340 /* EduEyeTests.m */; };
		73D1EBFB18D62B480009B340 /* Reachability.m in Sources */ = {isa = PBXBuildFile; fileRef = 73D1EBFA18D62B480009B340 /* Reachability.m */; };
/* End PBXBuildFile section */

/* Begin PBXContainerItemProxy section */
		73D1EBE718D5AB5A0009B340 /* PBXContainerItemProxy */ = {
			isa = PBXContainerItemProxy;
			containerPortal = 73D1EBB618D5AB5A0009B340 /* Project object */;
			proxyType = 1;
			remoteGlobalIDString = 73D1EBBD18D5AB5A0009B340;
			remoteInfo = EduEye;
		};
/* End PBXContainerItemProxy section */

/* Begin PBXFileReference section */
		73957F0818D98271008BA443 /* CHGTConstants.h */ = {isa = PBXFileReference; fileEncoding = 4; lastKnownFileType = sourcecode.c.h; path = CHGTConstants.h; sourceTree = "<group>"; };
		73957F0918D98271008BA443 /* CHGTConstants.m */ = {isa = PBXFileReference; fileEncoding = 4; lastKnownFileType = sourcecode.c.objc; path = CHGTConstants.m; sourceTree = "<group>"; };
		7395813D18D99444008BA443 /* AsyncUdpSocket.h */ = {isa = PBXFileReference; fileEncoding = 4; lastKnownFileType = sourcecode.c.h; path = AsyncUdpSocket.h; sourceTree = "<group>"; };
		7395813E18D99444008BA443 /* AsyncUdpSocket.m */ = {isa = PBXFileReference; fileEncoding = 4; lastKnownFileType = sourcecode.c.objc; path = AsyncUdpSocket.m; sourceTree = "<group>"; };
		7395814D18D995D3008BA443 /* .gitignore */ = {isa = PBXFileReference; fileEncoding = 4; lastKnownFileType = text; path = .gitignore; sourceTree = "<group>"; };
		7395814E18D995D3008BA443 /* .hgignore */ = {isa = PBXFileReference; fileEncoding = 4; lastKnownFileType = text; path = .hgignore; sourceTree = "<group>"; };
		7395815118D995D3008BA443 /* DDData.h */ = {isa = PBXFileReference; fileEncoding = 4; lastKnownFileType = sourcecode.c.h; path = DDData.h; sourceTree = "<group>"; };
		7395815218D995D3008BA443 /* DDData.m */ = {isa = PBXFileReference; fileEncoding = 4; lastKnownFileType = sourcecode.c.objc; path = DDData.m; sourceTree = "<group>"; };
		7395815318D995D3008BA443 /* DDNumber.h */ = {isa = PBXFileReference; fileEncoding = 4; lastKnownFileType = sourcecode.c.h; path = DDNumber.h; sourceTree = "<group>"; };
		7395815418D995D3008BA443 /* DDNumber.m */ = {isa = PBXFileReference; fileEncoding = 4; lastKnownFileType = sourcecode.c.objc; path = DDNumber.m; sourceTree = "<group>"; };
		7395815518D995D3008BA443 /* DDRange.h */ = {isa = PBXFileReference; fileEncoding = 4; lastKnownFileType = sourcecode.c.h; path = DDRange.h; sourceTree = "<group>"; };
		7395815618D995D3008BA443 /* DDRange.m */ = {isa = PBXFileReference; fileEncoding = 4; lastKnownFileType = sourcecode.c.objc; path = DDRange.m; sourceTree = "<group>"; };
		7395815718D995D3008BA443 /* HTTPAuthenticationRequest.h */ = {isa = PBXFileReference; fileEncoding = 4; lastKnownFileType = sourcecode.c.h; path = HTTPAuthenticationRequest.h; sourceTree = "<group>"; };
		7395815818D995D3008BA443 /* HTTPAuthenticationRequest.m */ = {isa = PBXFileReference; fileEncoding = 4; lastKnownFileType = sourcecode.c.objc; path = HTTPAuthenticationRequest.m; sourceTree = "<group>"; };
		7395815918D995D3008BA443 /* HTTPConnection.h */ = {isa = PBXFileReference; fileEncoding = 4; lastKnownFileType = sourcecode.c.h; path = HTTPConnection.h; sourceTree = "<group>"; };
		7395815A18D995D3008BA443 /* HTTPConnection.m */ = {isa = PBXFileReference; fileEncoding = 4; lastKnownFileType = sourcecode.c.objc; path = HTTPConnection.m; sourceTree = "<group>"; };
		7395815B18D995D3008BA443 /* HTTPLogging.h */ = {isa = PBXFileReference; fileEncoding = 4; lastKnownFileType = sourcecode.c.h; path = HTTPLogging.h; sourceTree = "<group>"; };
		7395815C18D995D3008BA443 /* HTTPMessage.h */ = {isa = PBXFileReference; fileEncoding = 4; lastKnownFileType = sourcecode.c.h; path = HTTPMessage.h; sourceTree = "<group>"; };
		7395815D18D995D3008BA443 /* HTTPMessage.m */ = {isa = PBXFileReference; fileEncoding = 4; lastKnownFileType = sourcecode.c.objc; path = HTTPMessage.m; sourceTree = "<group>"; };
		7395815E18D995D3008BA443 /* HTTPResponse.h */ = {isa = PBXFileReference; fileEncoding = 4; lastKnownFileType = sourcecode.c.h; path = HTTPResponse.h; sourceTree = "<group>"; };
		7395815F18D995D3008BA443 /* HTTPServer.h */ = {isa = PBXFileReference; fileEncoding = 4; lastKnownFileType = sourcecode.c.h; path = HTTPServer.h; sourceTree = "<group>"; };
		7395816018D995D3008BA443 /* HTTPServer.m */ = {isa = PBXFileReference; fileEncoding = 4; lastKnownFileType = sourcecode.c.objc; path = HTTPServer.m; sourceTree = "<group>"; };
		7395816218D995D3008BA443 /* MultipartFormDataParser.h */ = {isa = PBXFileReference; fileEncoding = 4; lastKnownFileType = sourcecode.c.h; path = MultipartFormDataParser.h; sourceTree = "<group>"; };
		7395816318D995D3008BA443 /* MultipartFormDataParser.m */ = {isa = PBXFileReference; fileEncoding = 4; lastKnownFileType = sourcecode.c.objc; path = MultipartFormDataParser.m; sourceTree = "<group>"; };
		7395816418D995D3008BA443 /* MultipartMessageHeader.h */ = {isa = PBXFileReference; fileEncoding = 4; lastKnownFileType = sourcecode.c.h; path = MultipartMessageHeader.h; sourceTree = "<group>"; };
		7395816518D995D3008BA443 /* MultipartMessageHeader.m */ = {isa = PBXFileReference; fileEncoding = 4; lastKnownFileType = sourcecode.c.objc; path = MultipartMessageHeader.m; sourceTree = "<group>"; };
		7395816618D995D3008BA443 /* MultipartMessageHeaderField.h */ = {isa = PBXFileReference; fileEncoding = 4; lastKnownFileType = sourcecode.c.h; path = MultipartMessageHeaderField.h; sourceTree = "<group>"; };
		7395816718D995D3008BA443 /* MultipartMessageHeaderField.m */ = {isa = PBXFileReference; fileEncoding = 4; lastKnownFileType = sourcecode.c.objc; path = MultipartMessageHeaderField.m; sourceTree = "<group>"; };
		7395816918D995D3008BA443 /* HTTPAsyncFileResponse.h */ = {isa = PBXFileReference; fileEncoding = 4; lastKnownFileType = sourcecode.c.h; path = HTTPAsyncFileResponse.h; sourceTree = "<group>"; };
		7395816A18D995D3008BA443 /* HTTPAsyncFileResponse.m */ = {isa = PBXFileReference; fileEncoding = 4; lastKnownFileType = sourcecode.c.objc; path = HTTPAsyncFileResponse.m; sourceTree = "<group>"; };
		7395816B18D995D3008BA443 /* HTTPDataResponse.h */ = {isa = PBXFileReference; fileEncoding = 4; lastKnownFileType = sourcecode.c.h; path = HTTPDataResponse.h; sourceTree = "<group>"; };
		7395816C18D995D3008BA443 /* HTTPDataResponse.m */ = {isa = PBXFileReference; fileEncoding = 4; lastKnownFileType = sourcecode.c.objc; path = HTTPDataResponse.m; sourceTree = "<group>"; };
		7395816D18D995D3008BA443 /* HTTPDynamicFileResponse.h */ = {isa = PBXFileReference; fileEncoding = 4; lastKnownFileType = sourcecode.c.h; path = HTTPDynamicFileResponse.h; sourceTree = "<group>"; };
		7395816E18D995D3008BA443 /* HTTPDynamicFileResponse.m */ = {isa = PBXFileReference; fileEncoding = 4; lastKnownFileType = sourcecode.c.objc; path = HTTPDynamicFileResponse.m; sourceTree = "<group>"; };
		7395816F18D995D3008BA443 /* HTTPErrorResponse.h */ = {isa = PBXFileReference; fileEncoding = 4; lastKnownFileType = sourcecode.c.h; path = HTTPErrorResponse.h; sourceTree = "<group>"; };
		7395817018D995D3008BA443 /* HTTPErrorResponse.m */ = {isa = PBXFileReference; fileEncoding = 4; lastKnownFileType = sourcecode.c.objc; path = HTTPErrorResponse.m; sourceTree = "<group>"; };
		7395817118D995D3008BA443 /* HTTPFileResponse.h */ = {isa = PBXFileReference; fileEncoding = 4; lastKnownFileType = sourcecode.c.h; path = HTTPFileResponse.h; sourceTree = "<group>"; };
		7395817218D995D3008BA443 /* HTTPFileResponse.m */ = {isa = PBXFileReference; fileEncoding = 4; lastKnownFileType = sourcecode.c.objc; path = HTTPFileResponse.m; sourceTree = "<group>"; };
		7395817318D995D3008BA443 /* HTTPRedirectResponse.h */ = {isa = PBXFileReference; fileEncoding = 4; lastKnownFileType = sourcecode.c.h; path = HTTPRedirectResponse.h; sourceTree = "<group>"; };
		7395817418D995D3008BA443 /* HTTPRedirectResponse.m */ = {isa = PBXFileReference; fileEncoding = 4; lastKnownFileType = sourcecode.c.objc; path = HTTPRedirectResponse.m; sourceTree = "<group>"; };
		7395817518D995D3008BA443 /* WebSocket.h */ = {isa = PBXFileReference; fileEncoding = 4; lastKnownFileType = sourcecode.c.h; path = WebSocket.h; sourceTree = "<group>"; };
		7395817618D995D3008BA443 /* WebSocket.m */ = {isa = PBXFileReference; fileEncoding = 4; lastKnownFileType = sourcecode.c.objc; path = WebSocket.m; sourceTree = "<group>"; };
		7395818118D995D3008BA443 /* LICENSE.txt */ = {isa = PBXFileReference; fileEncoding = 4; lastKnownFileType = text; path = LICENSE.txt; sourceTree = "<group>"; };
		7395818218D995D3008BA443 /* README.markdown */ = {isa = PBXFileReference; fileEncoding = 4; lastKnownFileType = text; path = README.markdown; sourceTree = "<group>"; };
		7395824718D995D4008BA443 /* About.txt */ = {isa = PBXFileReference; fileEncoding = 4; lastKnownFileType = text; path = About.txt; sourceTree = "<group>"; };
		7395824818D995D4008BA443 /* GCDAsyncSocket.h */ = {isa = PBXFileReference; fileEncoding = 4; lastKnownFileType = sourcecode.c.h; path = GCDAsyncSocket.h; sourceTree = "<group>"; };
		7395824918D995D4008BA443 /* GCDAsyncSocket.m */ = {isa = PBXFileReference; fileEncoding = 4; lastKnownFileType = sourcecode.c.objc; path = GCDAsyncSocket.m; sourceTree = "<group>"; };
		7395824B18D995D4008BA443 /* About.txt */ = {isa = PBXFileReference; fileEncoding = 4; lastKnownFileType = text; path = About.txt; sourceTree = "<group>"; };
		7395824C18D995D4008BA443 /* DDAbstractDatabaseLogger.h */ = {isa = PBXFileReference; fileEncoding = 4; lastKnownFileType = sourcecode.c.h; path = DDAbstractDatabaseLogger.h; sourceTree = "<group>"; };
		7395824D18D995D4008BA443 /* DDAbstractDatabaseLogger.m */ = {isa = PBXFileReference; fileEncoding = 4; lastKnownFileType = sourcecode.c.objc; path = DDAbstractDatabaseLogger.m; sourceTree = "<group>"; };
		7395824E18D995D4008BA443 /* DDASLLogger.h */ = {isa = PBXFileReference; fileEncoding = 4; lastKnownFileType = sourcecode.c.h; path = DDASLLogger.h; sourceTree = "<group>"; };
		7395824F18D995D4008BA443 /* DDASLLogger.m */ = {isa = PBXFileReference; fileEncoding = 4; lastKnownFileType = sourcecode.c.objc; path = DDASLLogger.m; sourceTree = "<group>"; };
		7395825018D995D4008BA443 /* DDFileLogger.h */ = {isa = PBXFileReference; fileEncoding = 4; lastKnownFileType = sourcecode.c.h; path = DDFileLogger.h; sourceTree = "<group>"; };
		7395825118D995D4008BA443 /* DDFileLogger.m */ = {isa = PBXFileReference; fileEncoding = 4; lastKnownFileType = sourcecode.c.objc; path = DDFileLogger.m; sourceTree = "<group>"; };
		7395825218D995D4008BA443 /* DDLog.h */ = {isa = PBXFileReference; fileEncoding = 4; lastKnownFileType = sourcecode.c.h; path = DDLog.h; sourceTree = "<group>"; };
		7395825318D995D4008BA443 /* DDLog.m */ = {isa = PBXFileReference; fileEncoding = 4; lastKnownFileType = sourcecode.c.objc; path = DDLog.m; sourceTree = "<group>"; };
		7395825418D995D4008BA443 /* DDTTYLogger.h */ = {isa = PBXFileReference; fileEncoding = 4; lastKnownFileType = sourcecode.c.h; path = DDTTYLogger.h; sourceTree = "<group>"; };
		7395825518D995D4008BA443 /* DDTTYLogger.m */ = {isa = PBXFileReference; fileEncoding = 4; lastKnownFileType = sourcecode.c.objc; path = DDTTYLogger.m; sourceTree = "<group>"; };
		7395825718D995D4008BA443 /* ContextFilterLogFormatter.h */ = {isa = PBXFileReference; fileEncoding = 4; lastKnownFileType = sourcecode.c.h; path = ContextFilterLogFormatter.h; sourceTree = "<group>"; };
		7395825818D995D4008BA443 /* ContextFilterLogFormatter.m */ = {isa = PBXFileReference; fileEncoding = 4; lastKnownFileType = sourcecode.c.objc; path = ContextFilterLogFormatter.m; sourceTree = "<group>"; };
		7395825918D995D4008BA443 /* DispatchQueueLogFormatter.h */ = {isa = PBXFileReference; fileEncoding = 4; lastKnownFileType = sourcecode.c.h; path = DispatchQueueLogFormatter.h; sourceTree = "<group>"; };
		7395825A18D995D4008BA443 /* DispatchQueueLogFormatter.m */ = {isa = PBXFileReference; fileEncoding = 4; lastKnownFileType = sourcecode.c.objc; path = DispatchQueueLogFormatter.m; sourceTree = "<group>"; };
		7395825B18D995D4008BA443 /* README.txt */ = {isa = PBXFileReference; fileEncoding = 4; lastKnownFileType = text; path = README.txt; sourceTree = "<group>"; };
		739582FA18D9A441008BA443 /* HTTPResponseProxy.h */ = {isa = PBXFileReference; fileEncoding = 4; lastKnownFileType = sourcecode.c.h; path = HTTPResponseProxy.h; sourceTree = "<group>"; };
		739582FB18D9A441008BA443 /* HTTPResponseProxy.m */ = {isa = PBXFileReference; fileEncoding = 4; lastKnownFileType = sourcecode.c.objc; path = HTTPResponseProxy.m; sourceTree = "<group>"; };
		739582FC18D9A441008BA443 /* Route.h */ = {isa = PBXFileReference; fileEncoding = 4; lastKnownFileType = sourcecode.c.h; path = Route.h; sourceTree = "<group>"; };
		739582FD18D9A441008BA443 /* Route.m */ = {isa = PBXFileReference; fileEncoding = 4; lastKnownFileType = sourcecode.c.objc; path = Route.m; sourceTree = "<group>"; };
		739582FE18D9A441008BA443 /* RouteRequest.h */ = {isa = PBXFileReference; fileEncoding = 4; lastKnownFileType = sourcecode.c.h; path = RouteRequest.h; sourceTree = "<group>"; };
		739582FF18D9A441008BA443 /* RouteRequest.m */ = {isa = PBXFileReference; fileEncoding = 4; lastKnownFileType = sourcecode.c.objc; path = RouteRequest.m; sourceTree = "<group>"; };
		7395830018D9A441008BA443 /* RouteResponse.h */ = {isa = PBXFileReference; fileEncoding = 4; lastKnownFileType = sourcecode.c.h; path = RouteResponse.h; sourceTree = "<group>"; };
		7395830118D9A441008BA443 /* RouteResponse.m */ = {isa = PBXFileReference; fileEncoding = 4; lastKnownFileType = sourcecode.c.objc; path = RouteResponse.m; sourceTree = "<group>"; };
		7395830218D9A441008BA443 /* RoutingConnection.h */ = {isa = PBXFileReference; fileEncoding = 4; lastKnownFileType = sourcecode.c.h; path = RoutingConnection.h; sourceTree = "<group>"; };
		7395830318D9A441008BA443 /* RoutingConnection.m */ = {isa = PBXFileReference; fileEncoding = 4; lastKnownFileType = sourcecode.c.objc; path = RoutingConnection.m; sourceTree = "<group>"; };
		7395830418D9A441008BA443 /* RoutingHTTPServer.h */ = {isa = PBXFileReference; fileEncoding = 4; lastKnownFileType = sourcecode.c.h; path = RoutingHTTPServer.h; sourceTree = "<group>"; };
		7395830518D9A441008BA443 /* RoutingHTTPServer.m */ = {isa = PBXFileReference; fileEncoding = 4; lastKnownFileType = sourcecode.c.objc; path = RoutingHTTPServer.m; sourceTree = "<group>"; };
		73D1EBBE18D5AB5A0009B340 /* EduEye.app */ = {isa = PBXFileReference; explicitFileType = wrapper.application; includeInIndex = 0; path = EduEye.app; sourceTree = BUILT_PRODUCTS_DIR; };
		73D1EBC118D5AB5A0009B340 /* Foundation.framework */ = {isa = PBXFileReference; lastKnownFileType = wrapper.framework; name = Foundation.framework; path = System/Library/Frameworks/Foundation.framework; sourceTree = SDKROOT; };
		73D1EBC318D5AB5A0009B340 /* CoreGraphics.framework */ = {isa = PBXFileReference; lastKnownFileType = wrapper.framework; name = CoreGraphics.framework; path = System/Library/Frameworks/CoreGraphics.framework; sourceTree = SDKROOT; };
		73D1EBC518D5AB5A0009B340 /* UIKit.framework */ = {isa = PBXFileReference; lastKnownFileType = wrapper.framework; name = UIKit.framework; path = System/Library/Frameworks/UIKit.framework; sourceTree = SDKROOT; };
		73D1EBC918D5AB5A0009B340 /* EduEye-Info.plist */ = {isa = PBXFileReference; lastKnownFileType = text.plist.xml; path = "EduEye-Info.plist"; sourceTree = "<group>"; };
		73D1EBCB18D5AB5A0009B340 /* en */ = {isa = PBXFileReference; lastKnownFileType = text.plist.strings; name = en; path = en.lproj/InfoPlist.strings; sourceTree = "<group>"; };
		73D1EBCD18D5AB5A0009B340 /* main.m */ = {isa = PBXFileReference; lastKnownFileType = sourcecode.c.objc; path = main.m; sourceTree = "<group>"; };
		73D1EBCF18D5AB5A0009B340 /* EduEye-Prefix.pch */ = {isa = PBXFileReference; lastKnownFileType = sourcecode.c.h; path = "EduEye-Prefix.pch"; sourceTree = "<group>"; };
		73D1EBD018D5AB5A0009B340 /* CHGTAppDelegate.h */ = {isa = PBXFileReference; lastKnownFileType = sourcecode.c.h; path = CHGTAppDelegate.h; sourceTree = "<group>"; };
		73D1EBD118D5AB5A0009B340 /* CHGTAppDelegate.m */ = {isa = PBXFileReference; lastKnownFileType = sourcecode.c.objc; path = CHGTAppDelegate.m; sourceTree = "<group>"; };
		73D1EBD418D5AB5A0009B340 /* Base */ = {isa = PBXFileReference; lastKnownFileType = file.storyboard; name = Base; path = Base.lproj/Main_iPhone.storyboard; sourceTree = "<group>"; };
		73D1EBD718D5AB5A0009B340 /* Base */ = {isa = PBXFileReference; lastKnownFileType = file.storyboard; name = Base; path = Base.lproj/Main_iPad.storyboard; sourceTree = "<group>"; };
		73D1EBD918D5AB5A0009B340 /* CHGTViewController.h */ = {isa = PBXFileReference; lastKnownFileType = sourcecode.c.h; path = CHGTViewController.h; sourceTree = "<group>"; };
		73D1EBDA18D5AB5A0009B340 /* CHGTViewController.m */ = {isa = PBXFileReference; lastKnownFileType = sourcecode.c.objc; path = CHGTViewController.m; sourceTree = "<group>"; };
		73D1EBDC18D5AB5A0009B340 /* Images.xcassets */ = {isa = PBXFileReference; lastKnownFileType = folder.assetcatalog; path = Images.xcassets; sourceTree = "<group>"; };
		73D1EBE218D5AB5A0009B340 /* EduEyeTests.xctest */ = {isa = PBXFileReference; explicitFileType = wrapper.cfbundle; includeInIndex = 0; path = EduEyeTests.xctest; sourceTree = BUILT_PRODUCTS_DIR; };
		73D1EBE318D5AB5A0009B340 /* XCTest.framework */ = {isa = PBXFileReference; lastKnownFileType = wrapper.framework; name = XCTest.framework; path = Library/Frameworks/XCTest.framework; sourceTree = DEVELOPER_DIR; };
		73D1EBEB18D5AB5A0009B340 /* EduEyeTests-Info.plist */ = {isa = PBXFileReference; lastKnownFileType = text.plist.xml; path = "EduEyeTests-Info.plist"; sourceTree = "<group>"; };
		73D1EBED18D5AB5A0009B340 /* en */ = {isa = PBXFileReference; lastKnownFileType = text.plist.strings; name = en; path = en.lproj/InfoPlist.strings; sourceTree = "<group>"; };
		73D1EBEF18D5AB5A0009B340 /* EduEyeTests.m */ = {isa = PBXFileReference; lastKnownFileType = sourcecode.c.objc; path = EduEyeTests.m; sourceTree = "<group>"; };
		73D1EBF918D62B480009B340 /* Reachability.h */ = {isa = PBXFileReference; fileEncoding = 4; lastKnownFileType = sourcecode.c.h; path = Reachability.h; sourceTree = "<group>"; };
		73D1EBFA18D62B480009B340 /* Reachability.m */ = {isa = PBXFileReference; fileEncoding = 4; lastKnownFileType = sourcecode.c.objc; path = Reachability.m; sourceTree = "<group>"; };
/* End PBXFileReference section */

/* Begin PBXFrameworksBuildPhase section */
		73D1EBBB18D5AB5A0009B340 /* Frameworks */ = {
			isa = PBXFrameworksBuildPhase;
			buildActionMask = 2147483647;
			files = (
				73D1EBC418D5AB5A0009B340 /* CoreGraphics.framework in Frameworks */,
				73D1EBC618D5AB5A0009B340 /* UIKit.framework in Frameworks */,
				73D1EBC218D5AB5A0009B340 /* Foundation.framework in Frameworks */,
			);
			runOnlyForDeploymentPostprocessing = 0;
		};
		73D1EBDF18D5AB5A0009B340 /* Frameworks */ = {
			isa = PBXFrameworksBuildPhase;
			buildActionMask = 2147483647;
			files = (
				73D1EBE418D5AB5A0009B340 /* XCTest.framework in Frameworks */,
				73D1EBE618D5AB5A0009B340 /* UIKit.framework in Frameworks */,
				73D1EBE518D5AB5A0009B340 /* Foundation.framework in Frameworks */,
			);
			runOnlyForDeploymentPostprocessing = 0;
		};
/* End PBXFrameworksBuildPhase section */

/* Begin PBXGroup section */
		73957F0E18D9866E008BA443 /* UDP */ = {
			isa = PBXGroup;
			children = (
				7395813D18D99444008BA443 /* AsyncUdpSocket.h */,
				7395813E18D99444008BA443 /* AsyncUdpSocket.m */,
			);
			name = UDP;
			sourceTree = "<group>";
		};
		73957F0F18D9867B008BA443 /* Constants */ = {
			isa = PBXGroup;
			children = (
				73957F0818D98271008BA443 /* CHGTConstants.h */,
				73957F0918D98271008BA443 /* CHGTConstants.m */,
			);
			name = Constants;
			sourceTree = "<group>";
		};
		73957F1018D98684008BA443 /* Reachability */ = {
			isa = PBXGroup;
			children = (
				73D1EBF918D62B480009B340 /* Reachability.h */,
				73D1EBFA18D62B480009B340 /* Reachability.m */,
			);
			name = Reachability;
			sourceTree = "<group>";
		};
		7395814C18D995D3008BA443 /* CocoaHTTPServer */ = {
			isa = PBXGroup;
			children = (
				739582F918D9A441008BA443 /* Source */,
				7395814D18D995D3008BA443 /* .gitignore */,
				7395814E18D995D3008BA443 /* .hgignore */,
				7395814F18D995D3008BA443 /* Core */,
				7395818118D995D3008BA443 /* LICENSE.txt */,
				7395818218D995D3008BA443 /* README.markdown */,
				7395824518D995D4008BA443 /* Vendor */,
			);
			path = CocoaHTTPServer;
			sourceTree = "<group>";
		};
		7395814F18D995D3008BA443 /* Core */ = {
			isa = PBXGroup;
			children = (
				7395815018D995D3008BA443 /* Categories */,
				7395815718D995D3008BA443 /* HTTPAuthenticationRequest.h */,
				7395815818D995D3008BA443 /* HTTPAuthenticationRequest.m */,
				7395815918D995D3008BA443 /* HTTPConnection.h */,
				7395815A18D995D3008BA443 /* HTTPConnection.m */,
				7395815B18D995D3008BA443 /* HTTPLogging.h */,
				7395815C18D995D3008BA443 /* HTTPMessage.h */,
				7395815D18D995D3008BA443 /* HTTPMessage.m */,
				7395815E18D995D3008BA443 /* HTTPResponse.h */,
				7395815F18D995D3008BA443 /* HTTPServer.h */,
				7395816018D995D3008BA443 /* HTTPServer.m */,
				7395816118D995D3008BA443 /* Mime */,
				7395816818D995D3008BA443 /* Responses */,
				7395817518D995D3008BA443 /* WebSocket.h */,
				7395817618D995D3008BA443 /* WebSocket.m */,
			);
			path = Core;
			sourceTree = "<group>";
		};
		7395815018D995D3008BA443 /* Categories */ = {
			isa = PBXGroup;
			children = (
				7395815118D995D3008BA443 /* DDData.h */,
				7395815218D995D3008BA443 /* DDData.m */,
				7395815318D995D3008BA443 /* DDNumber.h */,
				7395815418D995D3008BA443 /* DDNumber.m */,
				7395815518D995D3008BA443 /* DDRange.h */,
				7395815618D995D3008BA443 /* DDRange.m */,
			);
			path = Categories;
			sourceTree = "<group>";
		};
		7395816118D995D3008BA443 /* Mime */ = {
			isa = PBXGroup;
			children = (
				7395816218D995D3008BA443 /* MultipartFormDataParser.h */,
				7395816318D995D3008BA443 /* MultipartFormDataParser.m */,
				7395816418D995D3008BA443 /* MultipartMessageHeader.h */,
				7395816518D995D3008BA443 /* MultipartMessageHeader.m */,
				7395816618D995D3008BA443 /* MultipartMessageHeaderField.h */,
				7395816718D995D3008BA443 /* MultipartMessageHeaderField.m */,
			);
			path = Mime;
			sourceTree = "<group>";
		};
		7395816818D995D3008BA443 /* Responses */ = {
			isa = PBXGroup;
			children = (
				7395816918D995D3008BA443 /* HTTPAsyncFileResponse.h */,
				7395816A18D995D3008BA443 /* HTTPAsyncFileResponse.m */,
				7395816B18D995D3008BA443 /* HTTPDataResponse.h */,
				7395816C18D995D3008BA443 /* HTTPDataResponse.m */,
				7395816D18D995D3008BA443 /* HTTPDynamicFileResponse.h */,
				7395816E18D995D3008BA443 /* HTTPDynamicFileResponse.m */,
				7395816F18D995D3008BA443 /* HTTPErrorResponse.h */,
				7395817018D995D3008BA443 /* HTTPErrorResponse.m */,
				7395817118D995D3008BA443 /* HTTPFileResponse.h */,
				7395817218D995D3008BA443 /* HTTPFileResponse.m */,
				7395817318D995D3008BA443 /* HTTPRedirectResponse.h */,
				7395817418D995D3008BA443 /* HTTPRedirectResponse.m */,
			);
			path = Responses;
			sourceTree = "<group>";
		};
		7395824518D995D4008BA443 /* Vendor */ = {
			isa = PBXGroup;
			children = (
				7395824618D995D4008BA443 /* CocoaAsyncSocket */,
				7395824A18D995D4008BA443 /* CocoaLumberjack */,
			);
			path = Vendor;
			sourceTree = "<group>";
		};
		7395824618D995D4008BA443 /* CocoaAsyncSocket */ = {
			isa = PBXGroup;
			children = (
				7395824718D995D4008BA443 /* About.txt */,
				7395824818D995D4008BA443 /* GCDAsyncSocket.h */,
				7395824918D995D4008BA443 /* GCDAsyncSocket.m */,
			);
			path = CocoaAsyncSocket;
			sourceTree = "<group>";
		};
		7395824A18D995D4008BA443 /* CocoaLumberjack */ = {
			isa = PBXGroup;
			children = (
				7395824B18D995D4008BA443 /* About.txt */,
				7395824C18D995D4008BA443 /* DDAbstractDatabaseLogger.h */,
				7395824D18D995D4008BA443 /* DDAbstractDatabaseLogger.m */,
				7395824E18D995D4008BA443 /* DDASLLogger.h */,
				7395824F18D995D4008BA443 /* DDASLLogger.m */,
				7395825018D995D4008BA443 /* DDFileLogger.h */,
				7395825118D995D4008BA443 /* DDFileLogger.m */,
				7395825218D995D4008BA443 /* DDLog.h */,
				7395825318D995D4008BA443 /* DDLog.m */,
				7395825418D995D4008BA443 /* DDTTYLogger.h */,
				7395825518D995D4008BA443 /* DDTTYLogger.m */,
				7395825618D995D4008BA443 /* Extensions */,
			);
			path = CocoaLumberjack;
			sourceTree = "<group>";
		};
		7395825618D995D4008BA443 /* Extensions */ = {
			isa = PBXGroup;
			children = (
				7395825718D995D4008BA443 /* ContextFilterLogFormatter.h */,
				7395825818D995D4008BA443 /* ContextFilterLogFormatter.m */,
				7395825918D995D4008BA443 /* DispatchQueueLogFormatter.h */,
				7395825A18D995D4008BA443 /* DispatchQueueLogFormatter.m */,
				7395825B18D995D4008BA443 /* README.txt */,
			);
			path = Extensions;
			sourceTree = "<group>";
		};
		739582F918D9A441008BA443 /* Source */ = {
			isa = PBXGroup;
			children = (
				739582FA18D9A441008BA443 /* HTTPResponseProxy.h */,
				739582FB18D9A441008BA443 /* HTTPResponseProxy.m */,
				739582FC18D9A441008BA443 /* Route.h */,
				739582FD18D9A441008BA443 /* Route.m */,
				739582FE18D9A441008BA443 /* RouteRequest.h */,
				739582FF18D9A441008BA443 /* RouteRequest.m */,
				7395830018D9A441008BA443 /* RouteResponse.h */,
				7395830118D9A441008BA443 /* RouteResponse.m */,
				7395830218D9A441008BA443 /* RoutingConnection.h */,
				7395830318D9A441008BA443 /* RoutingConnection.m */,
				7395830418D9A441008BA443 /* RoutingHTTPServer.h */,
				7395830518D9A441008BA443 /* RoutingHTTPServer.m */,
			);
			path = Source;
			sourceTree = "<group>";
		};
		73D1EBB518D5AB5A0009B340 = {
			isa = PBXGroup;
			children = (
				7395814C18D995D3008BA443 /* CocoaHTTPServer */,
				73D1EBC718D5AB5A0009B340 /* EduEye */,
				73D1EBE918D5AB5A0009B340 /* EduEyeTests */,
				73D1EBC018D5AB5A0009B340 /* Frameworks */,
				73D1EBBF18D5AB5A0009B340 /* Products */,
			);
			sourceTree = "<group>";
		};
		73D1EBBF18D5AB5A0009B340 /* Products */ = {
			isa = PBXGroup;
			children = (
				73D1EBBE18D5AB5A0009B340 /* EduEye.app */,
				73D1EBE218D5AB5A0009B340 /* EduEyeTests.xctest */,
			);
			name = Products;
			sourceTree = "<group>";
		};
		73D1EBC018D5AB5A0009B340 /* Frameworks */ = {
			isa = PBXGroup;
			children = (
				73D1EBC118D5AB5A0009B340 /* Foundation.framework */,
				73D1EBC318D5AB5A0009B340 /* CoreGraphics.framework */,
				73D1EBC518D5AB5A0009B340 /* UIKit.framework */,
				73D1EBE318D5AB5A0009B340 /* XCTest.framework */,
			);
			name = Frameworks;
			sourceTree = "<group>";
		};
		73D1EBC718D5AB5A0009B340 /* EduEye */ = {
			isa = PBXGroup;
			children = (
				73D1EBD018D5AB5A0009B340 /* CHGTAppDelegate.h */,
				73D1EBD118D5AB5A0009B340 /* CHGTAppDelegate.m */,
				73D1EBD318D5AB5A0009B340 /* Main_iPhone.storyboard */,
				73D1EBD618D5AB5A0009B340 /* Main_iPad.storyboard */,
				73D1EBD918D5AB5A0009B340 /* CHGTViewController.h */,
				73D1EBDA18D5AB5A0009B340 /* CHGTViewController.m */,
				73957F0E18D9866E008BA443 /* UDP */,
				73957F0F18D9867B008BA443 /* Constants */,
				73957F1018D98684008BA443 /* Reachability */,
				73D1EBDC18D5AB5A0009B340 /* Images.xcassets */,
				73D1EBC818D5AB5A0009B340 /* Supporting Files */,
			);
			path = EduEye;
			sourceTree = "<group>";
		};
		73D1EBC818D5AB5A0009B340 /* Supporting Files */ = {
			isa = PBXGroup;
			children = (
				73D1EBC918D5AB5A0009B340 /* EduEye-Info.plist */,
				73D1EBCA18D5AB5A0009B340 /* InfoPlist.strings */,
				73D1EBCD18D5AB5A0009B340 /* main.m */,
				73D1EBCF18D5AB5A0009B340 /* EduEye-Prefix.pch */,
			);
			name = "Supporting Files";
			sourceTree = "<group>";
		};
		73D1EBE918D5AB5A0009B340 /* EduEyeTests */ = {
			isa = PBXGroup;
			children = (
				73D1EBEF18D5AB5A0009B340 /* EduEyeTests.m */,
				73D1EBEA18D5AB5A0009B340 /* Supporting Files */,
			);
			path = EduEyeTests;
			sourceTree = "<group>";
		};
		73D1EBEA18D5AB5A0009B340 /* Supporting Files */ = {
			isa = PBXGroup;
			children = (
				73D1EBEB18D5AB5A0009B340 /* EduEyeTests-Info.plist */,
				73D1EBEC18D5AB5A0009B340 /* InfoPlist.strings */,
			);
			name = "Supporting Files";
			sourceTree = "<group>";
		};
/* End PBXGroup section */

/* Begin PBXNativeTarget section */
		73D1EBBD18D5AB5A0009B340 /* EduEye */ = {
			isa = PBXNativeTarget;
			buildConfigurationList = 73D1EBF318D5AB5A0009B340 /* Build configuration list for PBXNativeTarget "EduEye" */;
			buildPhases = (
				73D1EBBA18D5AB5A0009B340 /* Sources */,
				73D1EBBB18D5AB5A0009B340 /* Frameworks */,
				73D1EBBC18D5AB5A0009B340 /* Resources */,
			);
			buildRules = (
			);
			dependencies = (
			);
			name = EduEye;
			productName = EduEye;
			productReference = 73D1EBBE18D5AB5A0009B340 /* EduEye.app */;
			productType = "com.apple.product-type.application";
		};
		73D1EBE118D5AB5A0009B340 /* EduEyeTests */ = {
			isa = PBXNativeTarget;
			buildConfigurationList = 73D1EBF618D5AB5A0009B340 /* Build configuration list for PBXNativeTarget "EduEyeTests" */;
			buildPhases = (
				73D1EBDE18D5AB5A0009B340 /* Sources */,
				73D1EBDF18D5AB5A0009B340 /* Frameworks */,
				73D1EBE018D5AB5A0009B340 /* Resources */,
			);
			buildRules = (
			);
			dependencies = (
				73D1EBE818D5AB5A0009B340 /* PBXTargetDependency */,
			);
			name = EduEyeTests;
			productName = EduEyeTests;
			productReference = 73D1EBE218D5AB5A0009B340 /* EduEyeTests.xctest */;
			productType = "com.apple.product-type.bundle.unit-test";
		};
/* End PBXNativeTarget section */

/* Begin PBXProject section */
		73D1EBB618D5AB5A0009B340 /* Project object */ = {
			isa = PBXProject;
			attributes = {
				CLASSPREFIX = CHGT;
				LastUpgradeCheck = 0510;
				ORGANIZATIONNAME = chgt;
				TargetAttributes = {
					73D1EBBD18D5AB5A0009B340 = {
						DevelopmentTeam = VD9YYPJNJW;
					};
					73D1EBE118D5AB5A0009B340 = {
						TestTargetID = 73D1EBBD18D5AB5A0009B340;
					};
				};
			};
			buildConfigurationList = 73D1EBB918D5AB5A0009B340 /* Build configuration list for PBXProject "EduEye" */;
			compatibilityVersion = "Xcode 3.2";
			developmentRegion = English;
			hasScannedForEncodings = 0;
			knownRegions = (
				en,
				Base,
				English,
			);
			mainGroup = 73D1EBB518D5AB5A0009B340;
			productRefGroup = 73D1EBBF18D5AB5A0009B340 /* Products */;
			projectDirPath = "";
			projectRoot = "";
			targets = (
				73D1EBBD18D5AB5A0009B340 /* EduEye */,
				73D1EBE118D5AB5A0009B340 /* EduEyeTests */,
			);
		};
/* End PBXProject section */

/* Begin PBXResourcesBuildPhase section */
		73D1EBBC18D5AB5A0009B340 /* Resources */ = {
			isa = PBXResourcesBuildPhase;
			buildActionMask = 2147483647;
			files = (
				7395825C18D995D4008BA443 /* .gitignore in Resources */,
				73D1EBD818D5AB5A0009B340 /* Main_iPad.storyboard in Resources */,
				7395825D18D995D4008BA443 /* .hgignore in Resources */,
				739582D218D995D4008BA443 /* About.txt in Resources */,
				739582D018D995D4008BA443 /* About.txt in Resources */,
				739582DA18D995D4008BA443 /* README.txt in Resources */,
				73D1EBDD18D5AB5A0009B340 /* Images.xcassets in Resources */,
				73D1EBD518D5AB5A0009B340 /* Main_iPhone.storyboard in Resources */,
				73D1EBCC18D5AB5A0009B340 /* InfoPlist.strings in Resources */,
				7395827418D995D4008BA443 /* README.markdown in Resources */,
				7395827318D995D4008BA443 /* LICENSE.txt in Resources */,
			);
			runOnlyForDeploymentPostprocessing = 0;
		};
		73D1EBE018D5AB5A0009B340 /* Resources */ = {
			isa = PBXResourcesBuildPhase;
			buildActionMask = 2147483647;
			files = (
				73D1EBEE18D5AB5A0009B340 /* InfoPlist.strings in Resources */,
			);
			runOnlyForDeploymentPostprocessing = 0;
		};
/* End PBXResourcesBuildPhase section */

/* Begin PBXSourcesBuildPhase section */
		73D1EBBA18D5AB5A0009B340 /* Sources */ = {
			isa = PBXSourcesBuildPhase;
			buildActionMask = 2147483647;
			files = (
				739582D118D995D4008BA443 /* GCDAsyncSocket.m in Sources */,
				7395826A18D995D4008BA443 /* HTTPDynamicFileResponse.m in Sources */,
				7395830A18D9A441008BA443 /* RoutingConnection.m in Sources */,
				7395826618D995D4008BA443 /* MultipartMessageHeader.m in Sources */,
				73957F0A18D98271008BA443 /* CHGTConstants.m in Sources */,
				7395826918D995D4008BA443 /* HTTPDataResponse.m in Sources */,
				739582D318D995D4008BA443 /* DDAbstractDatabaseLogger.m in Sources */,
				739582D618D995D4008BA443 /* DDLog.m in Sources */,
				7395826318D995D4008BA443 /* HTTPMessage.m in Sources */,
				73D1EBD218D5AB5A0009B340 /* CHGTAppDelegate.m in Sources */,
				739582D418D995D4008BA443 /* DDASLLogger.m in Sources */,
				7395826818D995D4008BA443 /* HTTPAsyncFileResponse.m in Sources */,
				7395825E18D995D4008BA443 /* DDData.m in Sources */,
				7395826E18D995D4008BA443 /* WebSocket.m in Sources */,
				7395826018D995D4008BA443 /* DDRange.m in Sources */,
				73D1EBCE18D5AB5A0009B340 /* main.m in Sources */,
				7395830718D9A441008BA443 /* Route.m in Sources */,
				7395826C18D995D4008BA443 /* HTTPFileResponse.m in Sources */,
				7395826118D995D4008BA443 /* HTTPAuthenticationRequest.m in Sources */,
				7395826518D995D4008BA443 /* MultipartFormDataParser.m in Sources */,
				7395826218D995D4008BA443 /* HTTPConnection.m in Sources */,
				7395830B18D9A441008BA443 /* RoutingHTTPServer.m in Sources */,
				739582D518D995D4008BA443 /* DDFileLogger.m in Sources */,
				7395826418D995D4008BA443 /* HTTPServer.m in Sources */,
				739582D918D995D4008BA443 /* DispatchQueueLogFormatter.m in Sources */,
				7395813F18D99444008BA443 /* AsyncUdpSocket.m in Sources */,
				7395826B18D995D4008BA443 /* HTTPErrorResponse.m in Sources */,
				7395826718D995D4008BA443 /* MultipartMessageHeaderField.m in Sources */,
				7395826D18D995D4008BA443 /* HTTPRedirectResponse.m in Sources */,
				7395830818D9A441008BA443 /* RouteRequest.m in Sources */,
				73D1EBFB18D62B480009B340 /* Reachability.m in Sources */,
				739582D718D995D4008BA443 /* DDTTYLogger.m in Sources */,
				7395825F18D995D4008BA443 /* DDNumber.m in Sources */,
				73D1EBDB18D5AB5A0009B340 /* CHGTViewController.m in Sources */,
				739582D818D995D4008BA443 /* ContextFilterLogFormatter.m in Sources */,
				7395830918D9A441008BA443 /* RouteResponse.m in Sources */,
				7395830618D9A441008BA443 /* HTTPResponseProxy.m in Sources */,
			);
			runOnlyForDeploymentPostprocessing = 0;
		};
		73D1EBDE18D5AB5A0009B340 /* Sources */ = {
			isa = PBXSourcesBuildPhase;
			buildActionMask = 2147483647;
			files = (
				73D1EBF018D5AB5A0009B340 /* EduEyeTests.m in Sources */,
			);
			runOnlyForDeploymentPostprocessing = 0;
		};
/* End PBXSourcesBuildPhase section */

/* Begin PBXTargetDependency section */
		73D1EBE818D5AB5A0009B340 /* PBXTargetDependency */ = {
			isa = PBXTargetDependency;
			target = 73D1EBBD18D5AB5A0009B340 /* EduEye */;
			targetProxy = 73D1EBE718D5AB5A0009B340 /* PBXContainerItemProxy */;
		};
/* End PBXTargetDependency section */

/* Begin PBXVariantGroup section */
		73D1EBCA18D5AB5A0009B340 /* InfoPlist.strings */ = {
			isa = PBXVariantGroup;
			children = (
				73D1EBCB18D5AB5A0009B340 /* en */,
			);
			name = InfoPlist.strings;
			sourceTree = "<group>";
		};
		73D1EBD318D5AB5A0009B340 /* Main_iPhone.storyboard */ = {
			isa = PBXVariantGroup;
			children = (
				73D1EBD418D5AB5A0009B340 /* Base */,
			);
			name = Main_iPhone.storyboard;
			sourceTree = "<group>";
		};
		73D1EBD618D5AB5A0009B340 /* Main_iPad.storyboard */ = {
			isa = PBXVariantGroup;
			children = (
				73D1EBD718D5AB5A0009B340 /* Base */,
			);
			name = Main_iPad.storyboard;
			sourceTree = "<group>";
		};
		73D1EBEC18D5AB5A0009B340 /* InfoPlist.strings */ = {
			isa = PBXVariantGroup;
			children = (
				73D1EBED18D5AB5A0009B340 /* en */,
			);
			name = InfoPlist.strings;
			sourceTree = "<group>";
		};
/* End PBXVariantGroup section */

/* Begin XCBuildConfiguration section */
		73D1EBF118D5AB5A0009B340 /* Debug */ = {
			isa = XCBuildConfiguration;
			buildSettings = {
				ALWAYS_SEARCH_USER_PATHS = NO;
				CLANG_CXX_LANGUAGE_STANDARD = "gnu++0x";
				CLANG_CXX_LIBRARY = "libc++";
				CLANG_ENABLE_MODULES = YES;
				CLANG_ENABLE_OBJC_ARC = YES;
				CLANG_WARN_BOOL_CONVERSION = YES;
				CLANG_WARN_CONSTANT_CONVERSION = YES;
				CLANG_WARN_DIRECT_OBJC_ISA_USAGE = YES_ERROR;
				CLANG_WARN_EMPTY_BODY = YES;
				CLANG_WARN_ENUM_CONVERSION = YES;
				CLANG_WARN_INT_CONVERSION = YES;
				CLANG_WARN_OBJC_ROOT_CLASS = YES_ERROR;
				CLANG_WARN__DUPLICATE_METHOD_MATCH = YES;
				"CODE_SIGN_IDENTITY[sdk=iphoneos*]" = "iPhone Developer";
				COPY_PHASE_STRIP = NO;
				GCC_C_LANGUAGE_STANDARD = gnu99;
				GCC_DYNAMIC_NO_PIC = NO;
				GCC_OPTIMIZATION_LEVEL = 0;
				GCC_PREPROCESSOR_DEFINITIONS = (
					"DEBUG=1",
					"$(inherited)",
				);
				GCC_SYMBOLS_PRIVATE_EXTERN = NO;
				GCC_WARN_64_TO_32_BIT_CONVERSION = YES;
				GCC_WARN_ABOUT_RETURN_TYPE = YES_ERROR;
				GCC_WARN_UNDECLARED_SELECTOR = YES;
				GCC_WARN_UNINITIALIZED_AUTOS = YES_AGGRESSIVE;
				GCC_WARN_UNUSED_FUNCTION = YES;
				GCC_WARN_UNUSED_VARIABLE = YES;
				IPHONEOS_DEPLOYMENT_TARGET = 7.1;
				ONLY_ACTIVE_ARCH = YES;
				SDKROOT = iphoneos;
				TARGETED_DEVICE_FAMILY = "1,2";
			};
			name = Debug;
		};
		73D1EBF218D5AB5A0009B340 /* Release */ = {
			isa = XCBuildConfiguration;
			buildSettings = {
				ALWAYS_SEARCH_USER_PATHS = NO;
				CLANG_CXX_LANGUAGE_STANDARD = "gnu++0x";
				CLANG_CXX_LIBRARY = "libc++";
				CLANG_ENABLE_MODULES = YES;
				CLANG_ENABLE_OBJC_ARC = YES;
				CLANG_WARN_BOOL_CONVERSION = YES;
				CLANG_WARN_CONSTANT_CONVERSION = YES;
				CLANG_WARN_DIRECT_OBJC_ISA_USAGE = YES_ERROR;
				CLANG_WARN_EMPTY_BODY = YES;
				CLANG_WARN_ENUM_CONVERSION = YES;
				CLANG_WARN_INT_CONVERSION = YES;
				CLANG_WARN_OBJC_ROOT_CLASS = YES_ERROR;
				CLANG_WARN__DUPLICATE_METHOD_MATCH = YES;
				"CODE_SIGN_IDENTITY[sdk=iphoneos*]" = "iPhone Developer";
				COPY_PHASE_STRIP = YES;
				ENABLE_NS_ASSERTIONS = NO;
				GCC_C_LANGUAGE_STANDARD = gnu99;
				GCC_WARN_64_TO_32_BIT_CONVERSION = YES;
				GCC_WARN_ABOUT_RETURN_TYPE = YES_ERROR;
				GCC_WARN_UNDECLARED_SELECTOR = YES;
				GCC_WARN_UNINITIALIZED_AUTOS = YES_AGGRESSIVE;
				GCC_WARN_UNUSED_FUNCTION = YES;
				GCC_WARN_UNUSED_VARIABLE = YES;
				IPHONEOS_DEPLOYMENT_TARGET = 7.1;
				SDKROOT = iphoneos;
				TARGETED_DEVICE_FAMILY = "1,2";
				VALIDATE_PRODUCT = YES;
			};
			name = Release;
		};
		73D1EBF418D5AB5A0009B340 /* Debug */ = {
			isa = XCBuildConfiguration;
			buildSettings = {
				ASSETCATALOG_COMPILER_APPICON_NAME = AppIcon;
				ASSETCATALOG_COMPILER_LAUNCHIMAGE_NAME = LaunchImage;
				CODE_SIGN_IDENTITY = "iPhone Developer";
				"CODE_SIGN_IDENTITY[sdk=iphoneos*]" = "iPhone Developer";
				GCC_PRECOMPILE_PREFIX_HEADER = YES;
				GCC_PREFIX_HEADER = "EduEye/EduEye-Prefix.pch";
				INFOPLIST_FILE = "EduEye/EduEye-Info.plist";
				PRODUCT_NAME = "$(TARGET_NAME)";
				PROVISIONING_PROFILE = "";
				WRAPPER_EXTENSION = app;
			};
			name = Debug;
		};
		73D1EBF518D5AB5A0009B340 /* Release */ = {
			isa = XCBuildConfiguration;
			buildSettings = {
				ASSETCATALOG_COMPILER_APPICON_NAME = AppIcon;
				ASSETCATALOG_COMPILER_LAUNCHIMAGE_NAME = LaunchImage;
				CODE_SIGN_IDENTITY = "iPhone Developer";
				"CODE_SIGN_IDENTITY[sdk=iphoneos*]" = "iPhone Developer";
				GCC_PRECOMPILE_PREFIX_HEADER = YES;
				GCC_PREFIX_HEADER = "EduEye/EduEye-Prefix.pch";
				INFOPLIST_FILE = "EduEye/EduEye-Info.plist";
				PRODUCT_NAME = "$(TARGET_NAME)";
				PROVISIONING_PROFILE = "";
				WRAPPER_EXTENSION = app;
			};
			name = Release;
		};
		73D1EBF718D5AB5A0009B340 /* Debug */ = {
			isa = XCBuildConfiguration;
			buildSettings = {
				BUNDLE_LOADER = "$(BUILT_PRODUCTS_DIR)/EduEye.app/EduEye";
				FRAMEWORK_SEARCH_PATHS = (
					"$(SDKROOT)/Developer/Library/Frameworks",
					"$(inherited)",
					"$(DEVELOPER_FRAMEWORKS_DIR)",
				);
				GCC_PRECOMPILE_PREFIX_HEADER = YES;
				GCC_PREFIX_HEADER = "EduEye/EduEye-Prefix.pch";
				GCC_PREPROCESSOR_DEFINITIONS = (
					"DEBUG=1",
					"$(inherited)",
				);
				INFOPLIST_FILE = "EduEyeTests/EduEyeTests-Info.plist";
				PRODUCT_NAME = "$(TARGET_NAME)";
				TEST_HOST = "$(BUNDLE_LOADER)";
				WRAPPER_EXTENSION = xctest;
			};
			name = Debug;
		};
		73D1EBF818D5AB5A0009B340 /* Release */ = {
			isa = XCBuildConfiguration;
			buildSettings = {
				BUNDLE_LOADER = "$(BUILT_PRODUCTS_DIR)/EduEye.app/EduEye";
				FRAMEWORK_SEARCH_PATHS = (
					"$(SDKROOT)/Developer/Library/Frameworks",
					"$(inherited)",
					"$(DEVELOPER_FRAMEWORKS_DIR)",
				);
				GCC_PRECOMPILE_PREFIX_HEADER = YES;
				GCC_PREFIX_HEADER = "EduEye/EduEye-Prefix.pch";
				INFOPLIST_FILE = "EduEyeTests/EduEyeTests-Info.plist";
				PRODUCT_NAME = "$(TARGET_NAME)";
				TEST_HOST = "$(BUNDLE_LOADER)";
				WRAPPER_EXTENSION = xctest;
			};
			name = Release;
		};
/* End XCBuildConfiguration section */

/* Begin XCConfigurationList section */
		73D1EBB918D5AB5A0009B340 /* Build configuration list for PBXProject "EduEye" */ = {
			isa = XCConfigurationList;
			buildConfigurations = (
				73D1EBF118D5AB5A0009B340 /* Debug */,
				73D1EBF218D5AB5A0009B340 /* Release */,
			);
			defaultConfigurationIsVisible = 0;
			defaultConfigurationName = Release;
		};
		73D1EBF318D5AB5A0009B340 /* Build configuration list for PBXNativeTarget "EduEye" */ = {
			isa = XCConfigurationList;
			buildConfigurations = (
				73D1EBF418D5AB5A0009B340 /* Debug */,
				73D1EBF518D5AB5A0009B340 /* Release */,
			);
			defaultConfigurationIsVisible = 0;
			defaultConfigurationName = Release;
		};
		73D1EBF618D5AB5A0009B340 /* Build configuration list for PBXNativeTarget "EduEyeTests" */ = {
			isa = XCConfigurationList;
			buildConfigurations = (
				73D1EBF718D5AB5A0009B340 /* Debug */,
				73D1EBF818D5AB5A0009B340 /* Release */,
			);
			defaultConfigurationIsVisible = 0;
			defaultConfigurationName = Release;
		};
/* End XCConfigurationList section */
	};
	rootObject = 73D1EBB618D5AB5A0009B340 /* Project object */;
}
